// !$*UTF8*$!
{
	archiveVersion = 1;
	classes = {
	};
	objectVersion = 46;
	objects = {

/* Begin PBXBuildFile section */
		916A5E8E1E1CA05F0082D09E /* SendMessageTextView.swift in Sources */ = {isa = PBXBuildFile; fileRef = 916A5E8D1E1CA05F0082D09E /* SendMessageTextView.swift */; };
		916A5F9B1E1F8AA10082D09E /* AddFriendWindow.xib in Resources */ = {isa = PBXBuildFile; fileRef = 916A5F9A1E1F8AA10082D09E /* AddFriendWindow.xib */; };
		916A5F9D1E1F8ABD0082D09E /* AddFriendWindow.swift in Sources */ = {isa = PBXBuildFile; fileRef = 916A5F9C1E1F8ABD0082D09E /* AddFriendWindow.swift */; };
		9183FE2F1E1B4A2D00DCE31B /* AppDelegate.swift in Sources */ = {isa = PBXBuildFile; fileRef = 9183FE2E1E1B4A2D00DCE31B /* AppDelegate.swift */; };
		9183FE341E1B4A2D00DCE31B /* WechatDemo.xcdatamodeld in Sources */ = {isa = PBXBuildFile; fileRef = 9183FE321E1B4A2D00DCE31B /* WechatDemo.xcdatamodeld */; };
		9183FE361E1B4A2D00DCE31B /* Assets.xcassets in Resources */ = {isa = PBXBuildFile; fileRef = 9183FE351E1B4A2D00DCE31B /* Assets.xcassets */; };
		9183FE391E1B4A2D00DCE31B /* Main.storyboard in Resources */ = {isa = PBXBuildFile; fileRef = 9183FE371E1B4A2D00DCE31B /* Main.storyboard */; };
		9183FE411E1B4A4200DCE31B /* WindowController.swift in Sources */ = {isa = PBXBuildFile; fileRef = 9183FE401E1B4A4200DCE31B /* WindowController.swift */; };
		9183FE431E1B4A5400DCE31B /* LeftSideController.swift in Sources */ = {isa = PBXBuildFile; fileRef = 9183FE421E1B4A5400DCE31B /* LeftSideController.swift */; };
		9183FE451E1B522200DCE31B /* CenterViewController.swift in Sources */ = {isa = PBXBuildFile; fileRef = 9183FE441E1B522200DCE31B /* CenterViewController.swift */; };
		9183FE471E1B522F00DCE31B /* RightViewController.swift in Sources */ = {isa = PBXBuildFile; fileRef = 9183FE461E1B522F00DCE31B /* RightViewController.swift */; };
		9183FE4B1E1B53D500DCE31B /* ChatItem.swift in Sources */ = {isa = PBXBuildFile; fileRef = 9183FE491E1B53D500DCE31B /* ChatItem.swift */; };
		9183FE4C1E1B53D500DCE31B /* ChatItem.xib in Resources */ = {isa = PBXBuildFile; fileRef = 9183FE4A1E1B53D500DCE31B /* ChatItem.xib */; };
		91E2A6691E271F6D0077BDD9 /* SBSheetWindow.swift in Sources */ = {isa = PBXBuildFile; fileRef = 91E2A6681E271F6D0077BDD9 /* SBSheetWindow.swift */; };
		91E2A66B1E2720440077BDD9 /* SBSheetWindowView.swift in Sources */ = {isa = PBXBuildFile; fileRef = 91E2A66A1E2720440077BDD9 /* SBSheetWindowView.swift */; };
		91E2A66D1E27204D0077BDD9 /* SBSheetWindowView.xib in Resources */ = {isa = PBXBuildFile; fileRef = 91E2A66C1E27204D0077BDD9 /* SBSheetWindowView.xib */; };
/* End PBXBuildFile section */

/* Begin PBXFileReference section */
		916A5E8D1E1CA05F0082D09E /* SendMessageTextView.swift */ = {isa = PBXFileReference; fileEncoding = 4; lastKnownFileType = sourcecode.swift; path = SendMessageTextView.swift; sourceTree = "<group>"; };
		916A5F9A1E1F8AA10082D09E /* AddFriendWindow.xib */ = {isa = PBXFileReference; fileEncoding = 4; lastKnownFileType = file.xib; path = AddFriendWindow.xib; sourceTree = "<group>"; };
		916A5F9C1E1F8ABD0082D09E /* AddFriendWindow.swift */ = {isa = PBXFileReference; fileEncoding = 4; lastKnownFileType = sourcecode.swift; path = AddFriendWindow.swift; sourceTree = "<group>"; };
		9183FE2B1E1B4A2D00DCE31B /* WechatDemo.app */ = {isa = PBXFileReference; explicitFileType = wrapper.application; includeInIndex = 0; path = WechatDemo.app; sourceTree = BUILT_PRODUCTS_DIR; };
		9183FE2E1E1B4A2D00DCE31B /* AppDelegate.swift */ = {isa = PBXFileReference; lastKnownFileType = sourcecode.swift; path = AppDelegate.swift; sourceTree = "<group>"; };
		9183FE331E1B4A2D00DCE31B /* WechatDemo.xcdatamodel */ = {isa = PBXFileReference; lastKnownFileType = wrapper.xcdatamodel; path = WechatDemo.xcdatamodel; sourceTree = "<group>"; };
		9183FE351E1B4A2D00DCE31B /* Assets.xcassets */ = {isa = PBXFileReference; lastKnownFileType = folder.assetcatalog; path = Assets.xcassets; sourceTree = "<group>"; };
		9183FE381E1B4A2D00DCE31B /* Base */ = {isa = PBXFileReference; lastKnownFileType = file.storyboard; name = Base; path = Base.lproj/Main.storyboard; sourceTree = "<group>"; };
		9183FE3A1E1B4A2D00DCE31B /* Info.plist */ = {isa = PBXFileReference; lastKnownFileType = text.plist.xml; path = Info.plist; sourceTree = "<group>"; };
		9183FE401E1B4A4200DCE31B /* WindowController.swift */ = {isa = PBXFileReference; fileEncoding = 4; lastKnownFileType = sourcecode.swift; path = WindowController.swift; sourceTree = "<group>"; };
		9183FE421E1B4A5400DCE31B /* LeftSideController.swift */ = {isa = PBXFileReference; fileEncoding = 4; lastKnownFileType = sourcecode.swift; path = LeftSideController.swift; sourceTree = "<group>"; };
		9183FE441E1B522200DCE31B /* CenterViewController.swift */ = {isa = PBXFileReference; fileEncoding = 4; lastKnownFileType = sourcecode.swift; path = CenterViewController.swift; sourceTree = "<group>"; };
		9183FE461E1B522F00DCE31B /* RightViewController.swift */ = {isa = PBXFileReference; fileEncoding = 4; lastKnownFileType = sourcecode.swift; path = RightViewController.swift; sourceTree = "<group>"; };
		9183FE491E1B53D500DCE31B /* ChatItem.swift */ = {isa = PBXFileReference; fileEncoding = 4; lastKnownFileType = sourcecode.swift; path = ChatItem.swift; sourceTree = "<group>"; };
		9183FE4A1E1B53D500DCE31B /* ChatItem.xib */ = {isa = PBXFileReference; fileEncoding = 4; lastKnownFileType = file.xib; path = ChatItem.xib; sourceTree = "<group>"; };
		91E2A6681E271F6D0077BDD9 /* SBSheetWindow.swift */ = {isa = PBXFileReference; fileEncoding = 4; lastKnownFileType = sourcecode.swift; path = SBSheetWindow.swift; sourceTree = "<group>"; };
		91E2A66A1E2720440077BDD9 /* SBSheetWindowView.swift */ = {isa = PBXFileReference; fileEncoding = 4; lastKnownFileType = sourcecode.swift; path = SBSheetWindowView.swift; sourceTree = "<group>"; };
		91E2A66C1E27204D0077BDD9 /* SBSheetWindowView.xib */ = {isa = PBXFileReference; fileEncoding = 4; lastKnownFileType = file.xib; path = SBSheetWindowView.xib; sourceTree = "<group>"; };
/* End PBXFileReference section */

/* Begin PBXFrameworksBuildPhase section */
		9183FE281E1B4A2D00DCE31B /* Frameworks */ = {
			isa = PBXFrameworksBuildPhase;
			buildActionMask = 2147483647;
			files = (
			);
			runOnlyForDeploymentPostprocessing = 0;
		};
/* End PBXFrameworksBuildPhase section */

/* Begin PBXGroup section */
		9183FE221E1B4A2D00DCE31B = {
			isa = PBXGroup;
			children = (
				9183FE2D1E1B4A2D00DCE31B /* WechatDemo */,
				9183FE2C1E1B4A2D00DCE31B /* Products */,
			);
			sourceTree = "<group>";
		};
		9183FE2C1E1B4A2D00DCE31B /* Products */ = {
			isa = PBXGroup;
			children = (
				9183FE2B1E1B4A2D00DCE31B /* WechatDemo.app */,
			);
			name = Products;
			sourceTree = "<group>";
		};
		9183FE2D1E1B4A2D00DCE31B /* WechatDemo */ = {
			isa = PBXGroup;
			children = (
				9183FE2E1E1B4A2D00DCE31B /* AppDelegate.swift */,
				9183FE481E1B53A400DCE31B /* Controllers */,
				9183FE4D1E1B53E800DCE31B /* Views */,
				9183FE351E1B4A2D00DCE31B /* Assets.xcassets */,
				9183FE371E1B4A2D00DCE31B /* Main.storyboard */,
				9183FE3A1E1B4A2D00DCE31B /* Info.plist */,
				9183FE321E1B4A2D00DCE31B /* WechatDemo.xcdatamodeld */,
			);
			path = WechatDemo;
			sourceTree = "<group>";
		};
		9183FE481E1B53A400DCE31B /* Controllers */ = {
			isa = PBXGroup;
			children = (
				9183FE401E1B4A4200DCE31B /* WindowController.swift */,
				9183FE421E1B4A5400DCE31B /* LeftSideController.swift */,
				9183FE441E1B522200DCE31B /* CenterViewController.swift */,
				9183FE461E1B522F00DCE31B /* RightViewController.swift */,
			);
			name = Controllers;
			sourceTree = "<group>";
		};
		9183FE4D1E1B53E800DCE31B /* Views */ = {
			isa = PBXGroup;
			children = (
				916A5F9C1E1F8ABD0082D09E /* AddFriendWindow.swift */,
				916A5F9A1E1F8AA10082D09E /* AddFriendWindow.xib */,
				9183FE491E1B53D500DCE31B /* ChatItem.swift */,
				9183FE4A1E1B53D500DCE31B /* ChatItem.xib */,
				916A5E8D1E1CA05F0082D09E /* SendMessageTextView.swift */,
				91E2A6681E271F6D0077BDD9 /* SBSheetWindow.swift */,
				91E2A66A1E2720440077BDD9 /* SBSheetWindowView.swift */,
				91E2A66C1E27204D0077BDD9 /* SBSheetWindowView.xib */,
			);
			name = Views;
			sourceTree = "<group>";
		};
/* End PBXGroup section */

/* Begin PBXNativeTarget section */
		9183FE2A1E1B4A2D00DCE31B /* WechatDemo */ = {
			isa = PBXNativeTarget;
			buildConfigurationList = 9183FE3D1E1B4A2D00DCE31B /* Build configuration list for PBXNativeTarget "WechatDemo" */;
			buildPhases = (
				9183FE271E1B4A2D00DCE31B /* Sources */,
				9183FE281E1B4A2D00DCE31B /* Frameworks */,
				9183FE291E1B4A2D00DCE31B /* Resources */,
			);
			buildRules = (
			);
			dependencies = (
			);
			name = WechatDemo;
			productName = WechatDemo;
			productReference = 9183FE2B1E1B4A2D00DCE31B /* WechatDemo.app */;
			productType = "com.apple.product-type.application";
		};
/* End PBXNativeTarget section */

/* Begin PBXProject section */
		9183FE231E1B4A2D00DCE31B /* Project object */ = {
			isa = PBXProject;
			attributes = {
				LastSwiftUpdateCheck = 0820;
				LastUpgradeCheck = 0820;
				ORGANIZATIONNAME = sycf_ios;
				TargetAttributes = {
					9183FE2A1E1B4A2D00DCE31B = {
						CreatedOnToolsVersion = 8.2.1;
						DevelopmentTeam = M54Y5FDG74;
						ProvisioningStyle = Automatic;
					};
				};
			};
			buildConfigurationList = 9183FE261E1B4A2D00DCE31B /* Build configuration list for PBXProject "WechatDemo" */;
			compatibilityVersion = "Xcode 3.2";
			developmentRegion = English;
			hasScannedForEncodings = 0;
			knownRegions = (
				en,
				Base,
			);
			mainGroup = 9183FE221E1B4A2D00DCE31B;
			productRefGroup = 9183FE2C1E1B4A2D00DCE31B /* Products */;
			projectDirPath = "";
			projectRoot = "";
			targets = (
				9183FE2A1E1B4A2D00DCE31B /* WechatDemo */,
			);
		};
/* End PBXProject section */

/* Begin PBXResourcesBuildPhase section */
		9183FE291E1B4A2D00DCE31B /* Resources */ = {
			isa = PBXResourcesBuildPhase;
			buildActionMask = 2147483647;
			files = (
				9183FE361E1B4A2D00DCE31B /* Assets.xcassets in Resources */,
				91E2A66D1E27204D0077BDD9 /* SBSheetWindowView.xib in Resources */,
				916A5F9B1E1F8AA10082D09E /* AddFriendWindow.xib in Resources */,
				9183FE391E1B4A2D00DCE31B /* Main.storyboard in Resources */,
				9183FE4C1E1B53D500DCE31B /* ChatItem.xib in Resources */,
			);
			runOnlyForDeploymentPostprocessing = 0;
		};
/* End PBXResourcesBuildPhase section */

/* Begin PBXSourcesBuildPhase section */
		9183FE271E1B4A2D00DCE31B /* Sources */ = {
			isa = PBXSourcesBuildPhase;
			buildActionMask = 2147483647;
			files = (
				9183FE4B1E1B53D500DCE31B /* ChatItem.swift in Sources */,
				9183FE471E1B522F00DCE31B /* RightViewController.swift in Sources */,
				9183FE411E1B4A4200DCE31B /* WindowController.swift in Sources */,
				9183FE431E1B4A5400DCE31B /* LeftSideController.swift in Sources */,
				91E2A6691E271F6D0077BDD9 /* SBSheetWindow.swift in Sources */,
				916A5F9D1E1F8ABD0082D09E /* AddFriendWindow.swift in Sources */,
				9183FE451E1B522200DCE31B /* CenterViewController.swift in Sources */,
				9183FE341E1B4A2D00DCE31B /* WechatDemo.xcdatamodeld in Sources */,
				91E2A66B1E2720440077BDD9 /* SBSheetWindowView.swift in Sources */,
				9183FE2F1E1B4A2D00DCE31B /* AppDelegate.swift in Sources */,
				916A5E8E1E1CA05F0082D09E /* SendMessageTextView.swift in Sources */,
			);
			runOnlyForDeploymentPostprocessing = 0;
		};
/* End PBXSourcesBuildPhase section */

/* Begin PBXVariantGroup section */
		9183FE371E1B4A2D00DCE31B /* Main.storyboard */ = {
			isa = PBXVariantGroup;
			children = (
				9183FE381E1B4A2D00DCE31B /* Base */,
			);
			name = Main.storyboard;
			sourceTree = "<group>";
		};
/* End PBXVariantGroup section */

/* Begin XCBuildConfiguration section */
		9183FE3B1E1B4A2D00DCE31B /* Debug */ = {
			isa = XCBuildConfiguration;
			buildSettings = {
				ALWAYS_SEARCH_USER_PATHS = NO;
				CLANG_ANALYZER_NONNULL = YES;
				CLANG_CXX_LANGUAGE_STANDARD = "gnu++0x";
				CLANG_CXX_LIBRARY = "libc++";
				CLANG_ENABLE_MODULES = YES;
				CLANG_ENABLE_OBJC_ARC = YES;
				CLANG_WARN_BOOL_CONVERSION = YES;
				CLANG_WARN_CONSTANT_CONVERSION = YES;
				CLANG_WARN_DIRECT_OBJC_ISA_USAGE = YES_ERROR;
				CLANG_WARN_DOCUMENTATION_COMMENTS = YES;
				CLANG_WARN_EMPTY_BODY = YES;
				CLANG_WARN_ENUM_CONVERSION = YES;
				CLANG_WARN_INFINITE_RECURSION = YES;
				CLANG_WARN_INT_CONVERSION = YES;
				CLANG_WARN_OBJC_ROOT_CLASS = YES_ERROR;
				CLANG_WARN_SUSPICIOUS_MOVE = YES;
				CLANG_WARN_UNREACHABLE_CODE = YES;
				CLANG_WARN__DUPLICATE_METHOD_MATCH = YES;
				CODE_SIGN_IDENTITY = "-";
				COPY_PHASE_STRIP = NO;
				DEBUG_INFORMATION_FORMAT = dwarf;
				ENABLE_STRICT_OBJC_MSGSEND = YES;
				ENABLE_TESTABILITY = YES;
				GCC_C_LANGUAGE_STANDARD = gnu99;
				GCC_DYNAMIC_NO_PIC = NO;
				GCC_NO_COMMON_BLOCKS = YES;
				GCC_OPTIMIZATION_LEVEL = 0;
				GCC_PREPROCESSOR_DEFINITIONS = (
					"DEBUG=1",
					"$(inherited)",
				);
				GCC_WARN_64_TO_32_BIT_CONVERSION = YES;
				GCC_WARN_ABOUT_RETURN_TYPE = YES_ERROR;
				GCC_WARN_UNDECLARED_SELECTOR = YES;
				GCC_WARN_UNINITIALIZED_AUTOS = YES_AGGRESSIVE;
				GCC_WARN_UNUSED_FUNCTION = YES;
				GCC_WARN_UNUSED_VARIABLE = YES;
				MACOSX_DEPLOYMENT_TARGET = 10.12;
				MTL_ENABLE_DEBUG_INFO = YES;
				ONLY_ACTIVE_ARCH = YES;
				SDKROOT = macosx;
				SWIFT_ACTIVE_COMPILATION_CONDITIONS = DEBUG;
				SWIFT_OPTIMIZATION_LEVEL = "-Onone";
			};
			name = Debug;
		};
		9183FE3C1E1B4A2D00DCE31B /* Release */ = {
			isa = XCBuildConfiguration;
			buildSettings = {
				ALWAYS_SEARCH_USER_PATHS = NO;
				CLANG_ANALYZER_NONNULL = YES;
				CLANG_CXX_LANGUAGE_STANDARD = "gnu++0x";
				CLANG_CXX_LIBRARY = "libc++";
				CLANG_ENABLE_MODULES = YES;
				CLANG_ENABLE_OBJC_ARC = YES;
				CLANG_WARN_BOOL_CONVERSION = YES;
				CLANG_WARN_CONSTANT_CONVERSION = YES;
				CLANG_WARN_DIRECT_OBJC_ISA_USAGE = YES_ERROR;
				CLANG_WARN_DOCUMENTATION_COMMENTS = YES;
				CLANG_WARN_EMPTY_BODY = YES;
				CLANG_WARN_ENUM_CONVERSION = YES;
				CLANG_WARN_INFINITE_RECURSION = YES;
				CLANG_WARN_INT_CONVERSION = YES;
				CLANG_WARN_OBJC_ROOT_CLASS = YES_ERROR;
				CLANG_WARN_SUSPICIOUS_MOVE = YES;
				CLANG_WARN_UNREACHABLE_CODE = YES;
				CLANG_WARN__DUPLICATE_METHOD_MATCH = YES;
				CODE_SIGN_IDENTITY = "-";
				COPY_PHASE_STRIP = NO;
				DEBUG_INFORMATION_FORMAT = "dwarf-with-dsym";
				ENABLE_NS_ASSERTIONS = NO;
				ENABLE_STRICT_OBJC_MSGSEND = YES;
				GCC_C_LANGUAGE_STANDARD = gnu99;
				GCC_NO_COMMON_BLOCKS = YES;
				GCC_WARN_64_TO_32_BIT_CONVERSION = YES;
				GCC_WARN_ABOUT_RETURN_TYPE = YES_ERROR;
				GCC_WARN_UNDECLARED_SELECTOR = YES;
				GCC_WARN_UNINITIALIZED_AUTOS = YES_AGGRESSIVE;
				GCC_WARN_UNUSED_FUNCTION = YES;
				GCC_WARN_UNUSED_VARIABLE = YES;
				MACOSX_DEPLOYMENT_TARGET = 10.12;
				MTL_ENABLE_DEBUG_INFO = NO;
				SDKROOT = macosx;
				SWIFT_OPTIMIZATION_LEVEL = "-Owholemodule";
			};
			name = Release;
		};
		9183FE3E1E1B4A2D00DCE31B /* Debug */ = {
			isa = XCBuildConfiguration;
			buildSettings = {
				ASSETCATALOG_COMPILER_APPICON_NAME = AppIcon;
				COMBINE_HIDPI_IMAGES = YES;
				DEVELOPMENT_TEAM = M54Y5FDG74;
				INFOPLIST_FILE = WechatDemo/Info.plist;
				LD_RUNPATH_SEARCH_PATHS = "$(inherited) @executable_path/../Frameworks";
				MACOSX_DEPLOYMENT_TARGET = 10.12;
				PRODUCT_BUNDLE_IDENTIFIER = s.WechatDemo;
				PRODUCT_NAME = "$(TARGET_NAME)";
				SWIFT_VERSION = 3.0;
			};
			name = Debug;
		};
		9183FE3F1E1B4A2D00DCE31B /* Release */ = {
			isa = XCBuildConfiguration;
			buildSettings = {
				ASSETCATALOG_COMPILER_APPICON_NAME = AppIcon;
				COMBINE_HIDPI_IMAGES = YES;
				DEVELOPMENT_TEAM = M54Y5FDG74;
				INFOPLIST_FILE = WechatDemo/Info.plist;
				LD_RUNPATH_SEARCH_PATHS = "$(inherited) @executable_path/../Frameworks";
				MACOSX_DEPLOYMENT_TARGET = 10.12;
				PRODUCT_BUNDLE_IDENTIFIER = s.WechatDemo;
				PRODUCT_NAME = "$(TARGET_NAME)";
				SWIFT_VERSION = 3.0;
			};
			name = Release;
		};
/* End XCBuildConfiguration section */

/* Begin XCConfigurationList section */
		9183FE261E1B4A2D00DCE31B /* Build configuration list for PBXProject "WechatDemo" */ = {
			isa = XCConfigurationList;
			buildConfigurations = (
				9183FE3B1E1B4A2D00DCE31B /* Debug */,
				9183FE3C1E1B4A2D00DCE31B /* Release */,
			);
			defaultConfigurationIsVisible = 0;
			defaultConfigurationName = Release;
		};
		9183FE3D1E1B4A2D00DCE31B /* Build configuration list for PBXNativeTarget "WechatDemo" */ = {
			isa = XCConfigurationList;
			buildConfigurations = (
				9183FE3E1E1B4A2D00DCE31B /* Debug */,
				9183FE3F1E1B4A2D00DCE31B /* Release */,
			);
			defaultConfigurationIsVisible = 0;
			defaultConfigurationName = Release;
		};
/* End XCConfigurationList section */

/* Begin XCVersionGroup section */
		9183FE321E1B4A2D00DCE31B /* WechatDemo.xcdatamodeld */ = {
			isa = XCVersionGroup;
			children = (
				9183FE331E1B4A2D00DCE31B /* WechatDemo.xcdatamodel */,
			);
			currentVersion = 9183FE331E1B4A2D00DCE31B /* WechatDemo.xcdatamodel */;
			path = WechatDemo.xcdatamodeld;
			sourceTree = "<group>";
			versionGroupType = wrapper.xcdatamodel;
		};
/* End XCVersionGroup section */
	};
	rootObject = 9183FE231E1B4A2D00DCE31B /* Project object */;
}
